
Microsoft Visual Studio Solution File, Format Version 12.00
# Visual Studio Version 16
VisualStudioVersion = 16.0.30611.23
MinimumVisualStudioVersion = 10.0.40219.1
Project("{FAE04EC0-301F-11D3-BF4B-00C04F79EFBC}") = "SerializationExamples", "SerializationExamples\SerializationExamples.csproj", "{3A4CADD8-BF99-4DF6-8507-B198BABC5378}"
EndProject
Global
	GlobalSection(SolutionConfigurationPlatforms) = preSolution
		Debug|Any CPU = Debug|Any CPU
		Release|Any CPU = Release|Any CPU
	EndGlobalSection
	GlobalSection(ProjectConfigurationPlatforms) = postSolution
		{3A4CADD8-BF99-4DF6-8507-B198BABC5378}.Debug|Any CPU.ActiveCfg = Debug|Any CPU
		{3A4CADD8-BF99-4DF6-8507-B198BABC5378}.Debug|Any CPU.Build.0 = Debug|Any CPU
		{3A4CADD8-BF99-4DF6-8507-B198BABC5378}.Release|Any CPU.ActiveCfg = Release|Any CPU
		{3A4CADD8-BF99-4DF6-8507-B198BABC5378}.Release|Any CPU.Build.0 = Release|Any CPU
	EndGlobalSection
	GlobalSection(SolutionProperties) = preSolution
		HideSolutionNode = FALSE
	EndGlobalSection
	GlobalSection(ExtensibilityGlobals) = postSolution
		SolutionGuid = {37EEAB99-FDA6-47FF-81FF-D043D82EB077}
	EndGlobalSection
EndGlobal
